Microsoft Visual Studio Solution File, Format Version 12.00
# Visual Studio Version 17
VisualStudioVersion = 17.5.2.0
MinimumVisualStudioVersion = 10.0.40219.1
Project("{FAE04EC0-301F-11D3-BF4B-00C04F79EFBC}") = "T3_grafica", "T3_grafica.csproj", "{7FF81B82-9338-8CF7-4250-36271347FD59}"
EndProject
Global
	GlobalSection(SolutionConfigurationPlatforms) = preSolution
		Debug|Any CPU = Debug|Any CPU
		Release|Any CPU = Release|Any CPU
	EndGlobalSection
	GlobalSection(ProjectConfigurationPlatforms) = postSolution
		{7FF81B82-9338-8CF7-4250-36271347FD59}.Debug|Any CPU.ActiveCfg = Debug|Any CPU
		{7FF81B82-9338-8CF7-4250-36271347FD59}.Debug|Any CPU.Build.0 = Debug|Any CPU
		{7FF81B82-9338-8CF7-4250-36271347FD59}.Release|Any CPU.ActiveCfg = Release|Any CPU
		{7FF81B82-9338-8CF7-4250-36271347FD59}.Release|Any CPU.Build.0 = Release|Any CPU
	EndGlobalSection
	GlobalSection(SolutionProperties) = preSolution
		HideSolutionNode = FALSE
	EndGlobalSection
	GlobalSection(ExtensibilityGlobals) = postSolution
		SolutionGuid = {00E4A7BA-AD65-411F-9119-1A42533F72B4}
	EndGlobalSection
EndGlobal
